{
  "pins" : [
    {
      "identity" : "graphql",
      "kind" : "remoteSourceControl",
      "location" : "https://github.com/GraphQLSwift/GraphQL.git",
      "state" : {
        "revision" : "87649dbc3cdab0be0256c86235f2aec22ec1bfc1",
        "version" : "2.10.0"
      }
    },
    {
      "identity" : "swift-atomics",
      "kind" : "remoteSourceControl",
      "location" : "https://github.com/apple/swift-atomics.git",
      "state" : {
        "revision" : "cd142fd2f64be2100422d658e7411e39489da985",
        "version" : "1.2.0"
      }
    },
    {
      "identity" : "swift-collections",
      "kind" : "remoteSourceControl",
      "location" : "https://github.com/apple/swift-collections",
      "state" : {
        "revision" : "9bf03ff58ce34478e66aaee630e491823326fd06",
        "version" : "1.1.3"
      }
    },
    {
      "identity" : "swift-nio",
      "kind" : "remoteSourceControl",
      "location" : "https://github.com/apple/swift-nio.git",
      "state" : {
        "revision" : "30df8551f4e636b8f68627dbc205221bcfc57782",
        "version" : "2.71.0"
      }
    },
    {
      "identity" : "swift-system",
      "kind" : "remoteSourceControl",
      "location" : "https://github.com/apple/swift-system.git",
      "state" : {
        "revision" : "d2ba781702a1d8285419c15ee62fd734a9437ff5",
        "version" : "1.3.2"
      }
    }
  ],
  "version" : 2
}
